
Microsoft Visual Studio Solution File, Format Version 12.00
# Visual Studio Version 16
VisualStudioVersion = 16.0.31702.278
MinimumVisualStudioVersion = 10.0.40219.1
Project("{FAE04EC0-301F-11D3-BF4B-00C04F79EFBC}") = "Entrada de Dados", "Entrada de Dados\Entrada de Dados.csproj", "{36C2CFE4-6B15-4BC9-9AE3-D2F5A64618A6}"
EndProject
Global
	GlobalSection(SolutionConfigurationPlatforms) = preSolution
		Debug|Any CPU = Debug|Any CPU
		Release|Any CPU = Release|Any CPU
	EndGlobalSection
	GlobalSection(ProjectConfigurationPlatforms) = postSolution
		{36C2CFE4-6B15-4BC9-9AE3-D2F5A64618A6}.Debug|Any CPU.ActiveCfg = Debug|Any CPU
		{36C2CFE4-6B15-4BC9-9AE3-D2F5A64618A6}.Debug|Any CPU.Build.0 = Debug|Any CPU
		{36C2CFE4-6B15-4BC9-9AE3-D2F5A64618A6}.Release|Any CPU.ActiveCfg = Release|Any CPU
		{36C2CFE4-6B15-4BC9-9AE3-D2F5A64618A6}.Release|Any CPU.Build.0 = Release|Any CPU
	EndGlobalSection
	GlobalSection(SolutionProperties) = preSolution
		HideSolutionNode = FALSE
	EndGlobalSection
	GlobalSection(ExtensibilityGlobals) = postSolution
		SolutionGuid = {AEDEC9B7-C373-4E8E-B417-E7823A4E58DD}
	EndGlobalSection
EndGlobal
